
Microsoft Visual Studio Solution File, Format Version 12.00
# Visual Studio Version 17
VisualStudioVersion = 17.1.32328.378
MinimumVisualStudioVersion = 10.0.40219.1
Project("{9A19103F-16F7-4668-BE54-9A1E7A4F7556}") = "Backend.Promotion", "Backend.Promotion\Backend.Promotion.csproj", "{319E444C-AB4D-42B2-BD2E-EEEB95C2AD7E}"
EndProject
Project("{FAE04EC0-301F-11D3-BF4B-00C04F79EFBC}") = "Frontend.Promotion", "Frontend.Promotion\Frontend.Promotion.csproj", "{2AF58FF1-8193-4708-9DAD-C5EE1ABF303B}"
EndProject
Global
	GlobalSection(SolutionConfigurationPlatforms) = preSolution
		Debug|Any CPU = Debug|Any CPU
		Release|Any CPU = Release|Any CPU
	EndGlobalSection
	GlobalSection(ProjectConfigurationPlatforms) = postSolution
		{319E444C-AB4D-42B2-BD2E-EEEB95C2AD7E}.Debug|Any CPU.ActiveCfg = Debug|Any CPU
		{319E444C-AB4D-42B2-BD2E-EEEB95C2AD7E}.Debug|Any CPU.Build.0 = Debug|Any CPU
		{319E444C-AB4D-42B2-BD2E-EEEB95C2AD7E}.Release|Any CPU.ActiveCfg = Release|Any CPU
		{319E444C-AB4D-42B2-BD2E-EEEB95C2AD7E}.Release|Any CPU.Build.0 = Release|Any CPU
		{2AF58FF1-8193-4708-9DAD-C5EE1ABF303B}.Debug|Any CPU.ActiveCfg = Debug|Any CPU
		{2AF58FF1-8193-4708-9DAD-C5EE1ABF303B}.Debug|Any CPU.Build.0 = Debug|Any CPU
		{2AF58FF1-8193-4708-9DAD-C5EE1ABF303B}.Release|Any CPU.ActiveCfg = Release|Any CPU
		{2AF58FF1-8193-4708-9DAD-C5EE1ABF303B}.Release|Any CPU.Build.0 = Release|Any CPU
	EndGlobalSection
	GlobalSection(SolutionProperties) = preSolution
		HideSolutionNode = FALSE
	EndGlobalSection
	GlobalSection(ExtensibilityGlobals) = postSolution
		SolutionGuid = {6CB07595-3C35-4842-BBF5-EA8DF2F31B5A}
	EndGlobalSection
EndGlobal
